
Microsoft Visual Studio Solution File, Format Version 12.00
# Visual Studio 15
Project("{FAE04EC0-301F-11D3-BF4B-00C04F79EFBC}") = "Assembly-CSharp", "Assembly-CSharp.csproj", "{64D32805-0DDF-3639-C693-7AA89B3CEEB6}"
EndProject
Project("{FAE04EC0-301F-11D3-BF4B-00C04F79EFBC}") = "Assembly-CSharp-Editor", "Assembly-CSharp-Editor.csproj", "{69A0E3AE-158E-191E-24F6-48E5386CDA1E}"
EndProject
Global
	GlobalSection(SolutionConfigurationPlatforms) = preSolution
		Debug|Any CPU = Debug|Any CPU
		Release|Any CPU = Release|Any CPU
	EndGlobalSection
	GlobalSection(ProjectConfigurationPlatforms) = postSolution
		{64D32805-0DDF-3639-C693-7AA89B3CEEB6}.Debug|Any CPU.ActiveCfg = Debug|Any CPU
		{64D32805-0DDF-3639-C693-7AA89B3CEEB6}.Debug|Any CPU.Build.0 = Debug|Any CPU
		{64D32805-0DDF-3639-C693-7AA89B3CEEB6}.Release|Any CPU.ActiveCfg = Release|Any CPU
		{64D32805-0DDF-3639-C693-7AA89B3CEEB6}.Release|Any CPU.Build.0 = Release|Any CPU
		{69A0E3AE-158E-191E-24F6-48E5386CDA1E}.Debug|Any CPU.ActiveCfg = Debug|Any CPU
		{69A0E3AE-158E-191E-24F6-48E5386CDA1E}.Debug|Any CPU.Build.0 = Debug|Any CPU
		{69A0E3AE-158E-191E-24F6-48E5386CDA1E}.Release|Any CPU.ActiveCfg = Release|Any CPU
		{69A0E3AE-158E-191E-24F6-48E5386CDA1E}.Release|Any CPU.Build.0 = Release|Any CPU
	EndGlobalSection
	GlobalSection(SolutionProperties) = preSolution
		HideSolutionNode = FALSE
	EndGlobalSection
EndGlobal
